// !$*UTF8*$!
{
	archiveVersion = 1;
	classes = {
	};
	objectVersion = 51;
	objects = {

/* Begin PBXBuildFile section */
		02B6FA22F01373FD78BA0754 /* Pods_CanaryApparelUITests.framework in Frameworks */ = {isa = PBXBuildFile; fileRef = BAB9EC810EBFC5886D6BA8AE /* Pods_CanaryApparelUITests.framework */; };
		780D2F275979AAB22CFC3681 /* Pods_CanaryApparel.framework in Frameworks */ = {isa = PBXBuildFile; fileRef = F6613047C2662DF380A8A615 /* Pods_CanaryApparel.framework */; };
		897DEBBE30D2987708816B12 /* Pods_CanaryApparelTests.framework in Frameworks */ = {isa = PBXBuildFile; fileRef = 294A955D937BFA097E7700D6 /* Pods_CanaryApparelTests.framework */; };
		EA044251233E340F0041C132 /* Constants.swift in Sources */ = {isa = PBXBuildFile; fileRef = EA044250233E340F0041C132 /* Constants.swift */; };
		EA044253233E7FA10041C132 /* GoogleService-Info.plist in Resources */ = {isa = PBXBuildFile; fileRef = EA044252233E7FA10041C132 /* GoogleService-Info.plist */; };
		EA06B2A923420C3600143A59 /* ProductGalleryViewController.swift in Sources */ = {isa = PBXBuildFile; fileRef = EA06B2A823420C3600143A59 /* ProductGalleryViewController.swift */; };
		EA3B71952336CCCA0081DB65 /* SignUpViewController.swift in Sources */ = {isa = PBXBuildFile; fileRef = EA3B71942336CCCA0081DB65 /* SignUpViewController.swift */; };
		EA3B71972336CCE60081DB65 /* SignInViewController.swift in Sources */ = {isa = PBXBuildFile; fileRef = EA3B71962336CCE60081DB65 /* SignInViewController.swift */; };
		EA3B71992336CCFF0081DB65 /* AccountViewController.swift in Sources */ = {isa = PBXBuildFile; fileRef = EA3B71982336CCFF0081DB65 /* AccountViewController.swift */; };
		EA3B719B2336CD190081DB65 /* CartViewController.swift in Sources */ = {isa = PBXBuildFile; fileRef = EA3B719A2336CD190081DB65 /* CartViewController.swift */; };
		EA3B719D2336CD380081DB65 /* FavouritesViewController.swift in Sources */ = {isa = PBXBuildFile; fileRef = EA3B719C2336CD380081DB65 /* FavouritesViewController.swift */; };
		EA83F60823676D16002E20F1 /* CollectionViewCell.swift in Sources */ = {isa = PBXBuildFile; fileRef = EA83F60723676D16002E20F1 /* CollectionViewCell.swift */; };
		EA83F60A2368E3A4002E20F1 /* DetailViewController.swift in Sources */ = {isa = PBXBuildFile; fileRef = EA83F6092368E3A4002E20F1 /* DetailViewController.swift */; };
		EAA353EC23341693004A4D9C /* AppDelegate.swift in Sources */ = {isa = PBXBuildFile; fileRef = EAA353EB23341693004A4D9C /* AppDelegate.swift */; };
		EAA353EE23341693004A4D9C /* HomeViewController.swift in Sources */ = {isa = PBXBuildFile; fileRef = EAA353ED23341693004A4D9C /* HomeViewController.swift */; };
		EAA353F023341693004A4D9C /* SearchViewController.swift in Sources */ = {isa = PBXBuildFile; fileRef = EAA353EF23341693004A4D9C /* SearchViewController.swift */; };
		EAA353F323341693004A4D9C /* Main.storyboard in Resources */ = {isa = PBXBuildFile; fileRef = EAA353F123341693004A4D9C /* Main.storyboard */; };
		EAA353F523341695004A4D9C /* Assets.xcassets in Resources */ = {isa = PBXBuildFile; fileRef = EAA353F423341695004A4D9C /* Assets.xcassets */; };
		EAA353F823341695004A4D9C /* LaunchScreen.storyboard in Resources */ = {isa = PBXBuildFile; fileRef = EAA353F623341695004A4D9C /* LaunchScreen.storyboard */; };
		EAA3540323341695004A4D9C /* CanaryApparelTests.swift in Sources */ = {isa = PBXBuildFile; fileRef = EAA3540223341695004A4D9C /* CanaryApparelTests.swift */; };
		EAA3540E23341695004A4D9C /* CanaryApparelUITests.swift in Sources */ = {isa = PBXBuildFile; fileRef = EAA3540D23341695004A4D9C /* CanaryApparelUITests.swift */; };
		EAA3541D233418E8004A4D9C /* Pacifico-Regular.ttf in Resources */ = {isa = PBXBuildFile; fileRef = EAA3541C233418E8004A4D9C /* Pacifico-Regular.ttf */; };
		EAA354202334D7F5004A4D9C /* Default-568h@2x.png in Resources */ = {isa = PBXBuildFile; fileRef = EAA3541F2334D7F2004A4D9C /* Default-568h@2x.png */; };
		EAB29BEF236D03F200F3BA09 /* FaveButton.swift in Sources */ = {isa = PBXBuildFile; fileRef = EAB29BEE236D03F200F3BA09 /* FaveButton.swift */; };
		EAB29BF1236D03F400F3BA09 /* FaveIcon.swift in Sources */ = {isa = PBXBuildFile; fileRef = EAB29BF0236D03F400F3BA09 /* FaveIcon.swift */; };
		EAB29BF4236D043000F3BA09 /* Spark.swift in Sources */ = {isa = PBXBuildFile; fileRef = EAB29BF3236D043000F3BA09 /* Spark.swift */; };
		EAB29BF6236D043400F3BA09 /* Ring.swift in Sources */ = {isa = PBXBuildFile; fileRef = EAB29BF5236D043400F3BA09 /* Ring.swift */; };
		EAB29BFF236D046100F3BA09 /* Init.swift in Sources */ = {isa = PBXBuildFile; fileRef = EAB29BFB236D045D00F3BA09 /* Init.swift */; };
		EAB29C00236D046100F3BA09 /* Constraints+.swift in Sources */ = {isa = PBXBuildFile; fileRef = EAB29BFC236D045E00F3BA09 /* Constraints+.swift */; };
		EAB29C01236D046100F3BA09 /* Easing.swift in Sources */ = {isa = PBXBuildFile; fileRef = EAB29BFD236D046000F3BA09 /* Easing.swift */; };
		EAB29C02236D046100F3BA09 /* Geometry.swift in Sources */ = {isa = PBXBuildFile; fileRef = EAB29BFE236D046100F3BA09 /* Geometry.swift */; };
/* End PBXBuildFile section */

/* Begin PBXContainerItemProxy section */
		EAA353FF23341695004A4D9C /* PBXContainerItemProxy */ = {
			isa = PBXContainerItemProxy;
			containerPortal = EAA353E023341692004A4D9C /* Project object */;
			proxyType = 1;
			remoteGlobalIDString = EAA353E723341693004A4D9C;
			remoteInfo = CanaryApparel;
		};
		EAA3540A23341695004A4D9C /* PBXContainerItemProxy */ = {
			isa = PBXContainerItemProxy;
			containerPortal = EAA353E023341692004A4D9C /* Project object */;
			proxyType = 1;
			remoteGlobalIDString = EAA353E723341693004A4D9C;
			remoteInfo = CanaryApparel;
		};
/* End PBXContainerItemProxy section */

/* Begin PBXFileReference section */
		006F4F82E9E0259A90F6F565 /* Pods-CanaryApparelTests.release.xcconfig */ = {isa = PBXFileReference; includeInIndex = 1; lastKnownFileType = text.xcconfig; name = "Pods-CanaryApparelTests.release.xcconfig"; path = "Target Support Files/Pods-CanaryApparelTests/Pods-CanaryApparelTests.release.xcconfig"; sourceTree = "<group>"; };
		1B9596538CF7012FB93FE33D /* Pods-CanaryApparelUITests.debug.xcconfig */ = {isa = PBXFileReference; includeInIndex = 1; lastKnownFileType = text.xcconfig; name = "Pods-CanaryApparelUITests.debug.xcconfig"; path = "Target Support Files/Pods-CanaryApparelUITests/Pods-CanaryApparelUITests.debug.xcconfig"; sourceTree = "<group>"; };
		294A955D937BFA097E7700D6 /* Pods_CanaryApparelTests.framework */ = {isa = PBXFileReference; explicitFileType = wrapper.framework; includeInIndex = 0; path = Pods_CanaryApparelTests.framework; sourceTree = BUILT_PRODUCTS_DIR; };
		4AD3B56F622630458FED659B /* Pods-CanaryApparel.debug.xcconfig */ = {isa = PBXFileReference; includeInIndex = 1; lastKnownFileType = text.xcconfig; name = "Pods-CanaryApparel.debug.xcconfig"; path = "Target Support Files/Pods-CanaryApparel/Pods-CanaryApparel.debug.xcconfig"; sourceTree = "<group>"; };
		5BD93E6B2D864A5D676F090C /* Pods-CanaryApparelTests.debug.xcconfig */ = {isa = PBXFileReference; includeInIndex = 1; lastKnownFileType = text.xcconfig; name = "Pods-CanaryApparelTests.debug.xcconfig"; path = "Target Support Files/Pods-CanaryApparelTests/Pods-CanaryApparelTests.debug.xcconfig"; sourceTree = "<group>"; };
		BAB9EC810EBFC5886D6BA8AE /* Pods_CanaryApparelUITests.framework */ = {isa = PBXFileReference; explicitFileType = wrapper.framework; includeInIndex = 0; path = Pods_CanaryApparelUITests.framework; sourceTree = BUILT_PRODUCTS_DIR; };
		EA044250233E340F0041C132 /* Constants.swift */ = {isa = PBXFileReference; lastKnownFileType = sourcecode.swift; path = Constants.swift; sourceTree = "<group>"; };
		EA044252233E7FA10041C132 /* GoogleService-Info.plist */ = {isa = PBXFileReference; fileEncoding = 4; lastKnownFileType = text.plist.xml; name = "GoogleService-Info.plist"; path = "../../../GoogleService-Info.plist"; sourceTree = "<group>"; };
		EA06B2A823420C3600143A59 /* ProductGalleryViewController.swift */ = {isa = PBXFileReference; lastKnownFileType = sourcecode.swift; path = ProductGalleryViewController.swift; sourceTree = "<group>"; };
		EA3B71942336CCCA0081DB65 /* SignUpViewController.swift */ = {isa = PBXFileReference; lastKnownFileType = sourcecode.swift; path = SignUpViewController.swift; sourceTree = "<group>"; };
		EA3B71962336CCE60081DB65 /* SignInViewController.swift */ = {isa = PBXFileReference; lastKnownFileType = sourcecode.swift; path = SignInViewController.swift; sourceTree = "<group>"; };
		EA3B71982336CCFF0081DB65 /* AccountViewController.swift */ = {isa = PBXFileReference; lastKnownFileType = sourcecode.swift; path = AccountViewController.swift; sourceTree = "<group>"; };
		EA3B719A2336CD190081DB65 /* CartViewController.swift */ = {isa = PBXFileReference; lastKnownFileType = sourcecode.swift; path = CartViewController.swift; sourceTree = "<group>"; };
		EA3B719C2336CD380081DB65 /* FavouritesViewController.swift */ = {isa = PBXFileReference; lastKnownFileType = sourcecode.swift; path = FavouritesViewController.swift; sourceTree = "<group>"; };
		EA83F60723676D16002E20F1 /* CollectionViewCell.swift */ = {isa = PBXFileReference; lastKnownFileType = sourcecode.swift; path = CollectionViewCell.swift; sourceTree = "<group>"; };
		EA83F6092368E3A4002E20F1 /* DetailViewController.swift */ = {isa = PBXFileReference; lastKnownFileType = sourcecode.swift; path = DetailViewController.swift; sourceTree = "<group>"; };
		EAA353E823341693004A4D9C /* CanaryApparel.app */ = {isa = PBXFileReference; explicitFileType = wrapper.application; includeInIndex = 0; path = CanaryApparel.app; sourceTree = BUILT_PRODUCTS_DIR; };
		EAA353EB23341693004A4D9C /* AppDelegate.swift */ = {isa = PBXFileReference; lastKnownFileType = sourcecode.swift; path = AppDelegate.swift; sourceTree = "<group>"; };
		EAA353ED23341693004A4D9C /* HomeViewController.swift */ = {isa = PBXFileReference; lastKnownFileType = sourcecode.swift; path = HomeViewController.swift; sourceTree = "<group>"; };
		EAA353EF23341693004A4D9C /* SearchViewController.swift */ = {isa = PBXFileReference; lastKnownFileType = sourcecode.swift; path = SearchViewController.swift; sourceTree = "<group>"; };
		EAA353F223341693004A4D9C /* Base */ = {isa = PBXFileReference; lastKnownFileType = file.storyboard; name = Base; path = Base.lproj/Main.storyboard; sourceTree = "<group>"; };
		EAA353F423341695004A4D9C /* Assets.xcassets */ = {isa = PBXFileReference; lastKnownFileType = folder.assetcatalog; path = Assets.xcassets; sourceTree = "<group>"; };
		EAA353F723341695004A4D9C /* Base */ = {isa = PBXFileReference; lastKnownFileType = file.storyboard; name = Base; path = Base.lproj/LaunchScreen.storyboard; sourceTree = "<group>"; };
		EAA353F923341695004A4D9C /* Info.plist */ = {isa = PBXFileReference; lastKnownFileType = text.plist.xml; path = Info.plist; sourceTree = "<group>"; };
		EAA353FE23341695004A4D9C /* CanaryApparelTests.xctest */ = {isa = PBXFileReference; explicitFileType = wrapper.cfbundle; includeInIndex = 0; path = CanaryApparelTests.xctest; sourceTree = BUILT_PRODUCTS_DIR; };
		EAA3540223341695004A4D9C /* CanaryApparelTests.swift */ = {isa = PBXFileReference; lastKnownFileType = sourcecode.swift; path = CanaryApparelTests.swift; sourceTree = "<group>"; };
		EAA3540423341695004A4D9C /* Info.plist */ = {isa = PBXFileReference; lastKnownFileType = text.plist.xml; path = Info.plist; sourceTree = "<group>"; };
		EAA3540923341695004A4D9C /* CanaryApparelUITests.xctest */ = {isa = PBXFileReference; explicitFileType = wrapper.cfbundle; includeInIndex = 0; path = CanaryApparelUITests.xctest; sourceTree = BUILT_PRODUCTS_DIR; };
		EAA3540D23341695004A4D9C /* CanaryApparelUITests.swift */ = {isa = PBXFileReference; lastKnownFileType = sourcecode.swift; path = CanaryApparelUITests.swift; sourceTree = "<group>"; };
		EAA3540F23341695004A4D9C /* Info.plist */ = {isa = PBXFileReference; lastKnownFileType = text.plist.xml; path = Info.plist; sourceTree = "<group>"; };
		EAA3541C233418E8004A4D9C /* Pacifico-Regular.ttf */ = {isa = PBXFileReference; lastKnownFileType = file; path = "Pacifico-Regular.ttf"; sourceTree = "<group>"; };
		EAA3541F2334D7F2004A4D9C /* Default-568h@2x.png */ = {isa = PBXFileReference; lastKnownFileType = image.png; path = "Default-568h@2x.png"; sourceTree = "<group>"; };
		EAB29BEE236D03F200F3BA09 /* FaveButton.swift */ = {isa = PBXFileReference; fileEncoding = 4; lastKnownFileType = sourcecode.swift; path = FaveButton.swift; sourceTree = "<group>"; };
		EAB29BF0236D03F400F3BA09 /* FaveIcon.swift */ = {isa = PBXFileReference; lastKnownFileType = sourcecode.swift; path = FaveIcon.swift; sourceTree = "<group>"; };
		EAB29BF3236D043000F3BA09 /* Spark.swift */ = {isa = PBXFileReference; lastKnownFileType = sourcecode.swift; path = Spark.swift; sourceTree = "<group>"; };
		EAB29BF5236D043400F3BA09 /* Ring.swift */ = {isa = PBXFileReference; lastKnownFileType = sourcecode.swift; path = Ring.swift; sourceTree = "<group>"; };
		EAB29BFB236D045D00F3BA09 /* Init.swift */ = {isa = PBXFileReference; fileEncoding = 4; lastKnownFileType = sourcecode.swift; path = Init.swift; sourceTree = "<group>"; };
		EAB29BFC236D045E00F3BA09 /* Constraints+.swift */ = {isa = PBXFileReference; fileEncoding = 4; lastKnownFileType = sourcecode.swift; path = "Constraints+.swift"; sourceTree = "<group>"; };
		EAB29BFD236D046000F3BA09 /* Easing.swift */ = {isa = PBXFileReference; fileEncoding = 4; lastKnownFileType = sourcecode.swift; path = Easing.swift; sourceTree = "<group>"; };
		EAB29BFE236D046100F3BA09 /* Geometry.swift */ = {isa = PBXFileReference; fileEncoding = 4; lastKnownFileType = sourcecode.swift; path = Geometry.swift; sourceTree = "<group>"; };
		EAB29C04236D165D00F3BA09 /* FaveButton.h */ = {isa = PBXFileReference; lastKnownFileType = sourcecode.c.h; path = FaveButton.h; sourceTree = "<group>"; };
		EE6A86B4B5585194259A3AED /* Pods-CanaryApparel.release.xcconfig */ = {isa = PBXFileReference; includeInIndex = 1; lastKnownFileType = text.xcconfig; name = "Pods-CanaryApparel.release.xcconfig"; path = "Target Support Files/Pods-CanaryApparel/Pods-CanaryApparel.release.xcconfig"; sourceTree = "<group>"; };
		F6613047C2662DF380A8A615 /* Pods_CanaryApparel.framework */ = {isa = PBXFileReference; explicitFileType = wrapper.framework; includeInIndex = 0; path = Pods_CanaryApparel.framework; sourceTree = BUILT_PRODUCTS_DIR; };
		F9E3CD5A2F1DD232C765E052 /* Pods-CanaryApparelUITests.release.xcconfig */ = {isa = PBXFileReference; includeInIndex = 1; lastKnownFileType = text.xcconfig; name = "Pods-CanaryApparelUITests.release.xcconfig"; path = "Target Support Files/Pods-CanaryApparelUITests/Pods-CanaryApparelUITests.release.xcconfig"; sourceTree = "<group>"; };
/* End PBXFileReference section */

/* Begin PBXFrameworksBuildPhase section */
		EAA353E523341693004A4D9C /* Frameworks */ = {
			isa = PBXFrameworksBuildPhase;
			buildActionMask = 2147483647;
			files = (
				780D2F275979AAB22CFC3681 /* Pods_CanaryApparel.framework in Frameworks */,
			);
			runOnlyForDeploymentPostprocessing = 0;
		};
		EAA353FB23341695004A4D9C /* Frameworks */ = {
			isa = PBXFrameworksBuildPhase;
			buildActionMask = 2147483647;
			files = (
				897DEBBE30D2987708816B12 /* Pods_CanaryApparelTests.framework in Frameworks */,
			);
			runOnlyForDeploymentPostprocessing = 0;
		};
		EAA3540623341695004A4D9C /* Frameworks */ = {
			isa = PBXFrameworksBuildPhase;
			buildActionMask = 2147483647;
			files = (
				02B6FA22F01373FD78BA0754 /* Pods_CanaryApparelUITests.framework in Frameworks */,
			);
			runOnlyForDeploymentPostprocessing = 0;
		};
/* End PBXFrameworksBuildPhase section */

/* Begin PBXGroup section */
		8D9C428B9296B36374A6A2A4 /* Frameworks */ = {
			isa = PBXGroup;
			children = (
				F6613047C2662DF380A8A615 /* Pods_CanaryApparel.framework */,
				294A955D937BFA097E7700D6 /* Pods_CanaryApparelTests.framework */,
				BAB9EC810EBFC5886D6BA8AE /* Pods_CanaryApparelUITests.framework */,
			);
			name = Frameworks;
			sourceTree = "<group>";
		};
		ACA9529C10CD43493CAC4F45 /* Pods */ = {
			isa = PBXGroup;
			children = (
				4AD3B56F622630458FED659B /* Pods-CanaryApparel.debug.xcconfig */,
				EE6A86B4B5585194259A3AED /* Pods-CanaryApparel.release.xcconfig */,
				5BD93E6B2D864A5D676F090C /* Pods-CanaryApparelTests.debug.xcconfig */,
				006F4F82E9E0259A90F6F565 /* Pods-CanaryApparelTests.release.xcconfig */,
				1B9596538CF7012FB93FE33D /* Pods-CanaryApparelUITests.debug.xcconfig */,
				F9E3CD5A2F1DD232C765E052 /* Pods-CanaryApparelUITests.release.xcconfig */,
			);
			path = Pods;
			sourceTree = "<group>";
		};
		EAA353DF23341692004A4D9C = {
			isa = PBXGroup;
			children = (
				EAB29C03236D163300F3BA09 /* FaveButton */,
				EAA3541F2334D7F2004A4D9C /* Default-568h@2x.png */,
				EAB29BED236D03DF00F3BA09 /* Source */,
				EAA353EA23341693004A4D9C /* CanaryApparel */,
				EAA3540123341695004A4D9C /* CanaryApparelTests */,
				EAA3540C23341695004A4D9C /* CanaryApparelUITests */,
				EAA353E923341693004A4D9C /* Products */,
				ACA9529C10CD43493CAC4F45 /* Pods */,
				8D9C428B9296B36374A6A2A4 /* Frameworks */,
			);
			sourceTree = "<group>";
		};
		EAA353E923341693004A4D9C /* Products */ = {
			isa = PBXGroup;
			children = (
				EAA353E823341693004A4D9C /* CanaryApparel.app */,
				EAA353FE23341695004A4D9C /* CanaryApparelTests.xctest */,
				EAA3540923341695004A4D9C /* CanaryApparelUITests.xctest */,
			);
			name = Products;
			sourceTree = "<group>";
		};
		EAA353EA23341693004A4D9C /* CanaryApparel */ = {
			isa = PBXGroup;
			children = (
				EAA353EB23341693004A4D9C /* AppDelegate.swift */,
				EADDF8BE2336D36F00DE3231 /* View Controllers */,
				EAA3541B233418B7004A4D9C /* Fonts */,
				EAA353F123341693004A4D9C /* Main.storyboard */,
				EAA353F423341695004A4D9C /* Assets.xcassets */,
				EA044252233E7FA10041C132 /* GoogleService-Info.plist */,
				EAA353F623341695004A4D9C /* LaunchScreen.storyboard */,
				EAA353F923341695004A4D9C /* Info.plist */,
			);
			path = CanaryApparel;
			sourceTree = "<group>";
		};
		EAA3540123341695004A4D9C /* CanaryApparelTests */ = {
			isa = PBXGroup;
			children = (
				EAA3540223341695004A4D9C /* CanaryApparelTests.swift */,
				EAA3540423341695004A4D9C /* Info.plist */,
			);
			path = CanaryApparelTests;
			sourceTree = "<group>";
		};
		EAA3540C23341695004A4D9C /* CanaryApparelUITests */ = {
			isa = PBXGroup;
			children = (
				EAA3540D23341695004A4D9C /* CanaryApparelUITests.swift */,
				EAA3540F23341695004A4D9C /* Info.plist */,
			);
			path = CanaryApparelUITests;
			sourceTree = "<group>";
		};
		EAA3541B233418B7004A4D9C /* Fonts */ = {
			isa = PBXGroup;
			children = (
				EAA3541C233418E8004A4D9C /* Pacifico-Regular.ttf */,
			);
			path = Fonts;
			sourceTree = "<group>";
		};
		EAB29BED236D03DF00F3BA09 /* Source */ = {
			isa = PBXGroup;
			children = (
				EAB29BF0236D03F400F3BA09 /* FaveIcon.swift */,
				EAB29BF3236D043000F3BA09 /* Spark.swift */,
				EAB29BF5236D043400F3BA09 /* Ring.swift */,
				EAB29BEE236D03F200F3BA09 /* FaveButton.swift */,
				EAB29BF2236D041500F3BA09 /* Helpers */,
			);
			path = Source;
			sourceTree = "<group>";
		};
		EAB29BF2236D041500F3BA09 /* Helpers */ = {
			isa = PBXGroup;
			children = (
				EAB29BFC236D045E00F3BA09 /* Constraints+.swift */,
				EAB29BFD236D046000F3BA09 /* Easing.swift */,
				EAB29BFE236D046100F3BA09 /* Geometry.swift */,
				EAB29BFB236D045D00F3BA09 /* Init.swift */,
			);
			path = Helpers;
			sourceTree = "<group>";
		};
		EAB29C03236D163300F3BA09 /* FaveButton */ = {
			isa = PBXGroup;
			children = (
				EAB29C04236D165D00F3BA09 /* FaveButton.h */,
			);
			path = FaveButton;
			sourceTree = "<group>";
		};
		EADDF8BE2336D36F00DE3231 /* View Controllers */ = {
			isa = PBXGroup;
			children = (
				EAA353ED23341693004A4D9C /* HomeViewController.swift */,
				EA3B71942336CCCA0081DB65 /* SignUpViewController.swift */,
				EA044250233E340F0041C132 /* Constants.swift */,
				EA3B71962336CCE60081DB65 /* SignInViewController.swift */,
				EA06B2A823420C3600143A59 /* ProductGalleryViewController.swift */,
				EAA353EF23341693004A4D9C /* SearchViewController.swift */,
				EA3B719C2336CD380081DB65 /* FavouritesViewController.swift */,
				EA3B719A2336CD190081DB65 /* CartViewController.swift */,
				EA3B71982336CCFF0081DB65 /* AccountViewController.swift */,
				EA83F60723676D16002E20F1 /* CollectionViewCell.swift */,
				EA83F6092368E3A4002E20F1 /* DetailViewController.swift */,
			);
			path = "View Controllers";
			sourceTree = "<group>";
		};
/* End PBXGroup section */

/* Begin PBXNativeTarget section */
		EAA353E723341693004A4D9C /* CanaryApparel */ = {
			isa = PBXNativeTarget;
			buildConfigurationList = EAA3541223341695004A4D9C /* Build configuration list for PBXNativeTarget "CanaryApparel" */;
			buildPhases = (
				0C3CF9754ED967FD498529EC /* [CP] Check Pods Manifest.lock */,
				EAA353E423341693004A4D9C /* Sources */,
				EAA353E523341693004A4D9C /* Frameworks */,
				EAA353E623341693004A4D9C /* Resources */,
				59C72C05B555B0B5AE5F92CC /* [CP] Embed Pods Frameworks */,
			);
			buildRules = (
			);
			dependencies = (
			);
			name = CanaryApparel;
			productName = CanaryApparel;
			productReference = EAA353E823341693004A4D9C /* CanaryApparel.app */;
			productType = "com.apple.product-type.application";
		};
		EAA353FD23341695004A4D9C /* CanaryApparelTests */ = {
			isa = PBXNativeTarget;
			buildConfigurationList = EAA3541523341695004A4D9C /* Build configuration list for PBXNativeTarget "CanaryApparelTests" */;
			buildPhases = (
				3396BDA3C8A0F2BA3D190633 /* [CP] Check Pods Manifest.lock */,
				EAA353FA23341695004A4D9C /* Sources */,
				EAA353FB23341695004A4D9C /* Frameworks */,
				EAA353FC23341695004A4D9C /* Resources */,
			);
			buildRules = (
			);
			dependencies = (
				EAA3540023341695004A4D9C /* PBXTargetDependency */,
			);
			name = CanaryApparelTests;
			productName = CanaryApparelTests;
			productReference = EAA353FE23341695004A4D9C /* CanaryApparelTests.xctest */;
			productType = "com.apple.product-type.bundle.unit-test";
		};
		EAA3540823341695004A4D9C /* CanaryApparelUITests */ = {
			isa = PBXNativeTarget;
			buildConfigurationList = EAA3541823341695004A4D9C /* Build configuration list for PBXNativeTarget "CanaryApparelUITests" */;
			buildPhases = (
				EFB494D9BBFE65F3EA096E47 /* [CP] Check Pods Manifest.lock */,
				EAA3540523341695004A4D9C /* Sources */,
				EAA3540623341695004A4D9C /* Frameworks */,
				EAA3540723341695004A4D9C /* Resources */,
			);
			buildRules = (
			);
			dependencies = (
				EAA3540B23341695004A4D9C /* PBXTargetDependency */,
			);
			name = CanaryApparelUITests;
			productName = CanaryApparelUITests;
			productReference = EAA3540923341695004A4D9C /* CanaryApparelUITests.xctest */;
			productType = "com.apple.product-type.bundle.ui-testing";
		};
/* End PBXNativeTarget section */

/* Begin PBXProject section */
		EAA353E023341692004A4D9C /* Project object */ = {
			isa = PBXProject;
			attributes = {
				LastSwiftUpdateCheck = 1030;
				LastUpgradeCheck = 1030;
				ORGANIZATIONNAME = "nathan boamah";
				TargetAttributes = {
					EAA353E723341693004A4D9C = {
						CreatedOnToolsVersion = 10.3;
					};
					EAA353FD23341695004A4D9C = {
						CreatedOnToolsVersion = 10.3;
						TestTargetID = EAA353E723341693004A4D9C;
					};
					EAA3540823341695004A4D9C = {
						CreatedOnToolsVersion = 10.3;
						TestTargetID = EAA353E723341693004A4D9C;
					};
				};
			};
			buildConfigurationList = EAA353E323341692004A4D9C /* Build configuration list for PBXProject "CanaryApparel" */;
			compatibilityVersion = "Xcode 9.3";
			developmentRegion = en;
			hasScannedForEncodings = 0;
			knownRegions = (
				en,
				Base,
			);
			mainGroup = EAA353DF23341692004A4D9C;
			productRefGroup = EAA353E923341693004A4D9C /* Products */;
			projectDirPath = "";
			projectRoot = "";
			targets = (
				EAA353E723341693004A4D9C /* CanaryApparel */,
				EAA353FD23341695004A4D9C /* CanaryApparelTests */,
				EAA3540823341695004A4D9C /* CanaryApparelUITests */,
			);
		};
/* End PBXProject section */

/* Begin PBXResourcesBuildPhase section */
		EAA353E623341693004A4D9C /* Resources */ = {
			isa = PBXResourcesBuildPhase;
			buildActionMask = 2147483647;
			files = (
				EAA353F823341695004A4D9C /* LaunchScreen.storyboard in Resources */,
				EAA3541D233418E8004A4D9C /* Pacifico-Regular.ttf in Resources */,
				EAA353F523341695004A4D9C /* Assets.xcassets in Resources */,
				EAA354202334D7F5004A4D9C /* Default-568h@2x.png in Resources */,
				EAA353F323341693004A4D9C /* Main.storyboard in Resources */,
				EA044253233E7FA10041C132 /* GoogleService-Info.plist in Resources */,
			);
			runOnlyForDeploymentPostprocessing = 0;
		};
		EAA353FC23341695004A4D9C /* Resources */ = {
			isa = PBXResourcesBuildPhase;
			buildActionMask = 2147483647;
			files = (
			);
			runOnlyForDeploymentPostprocessing = 0;
		};
		EAA3540723341695004A4D9C /* Resources */ = {
			isa = PBXResourcesBuildPhase;
			buildActionMask = 2147483647;
			files = (
			);
			runOnlyForDeploymentPostprocessing = 0;
		};
/* End PBXResourcesBuildPhase section */

/* Begin PBXShellScriptBuildPhase section */
		0C3CF9754ED967FD498529EC /* [CP] Check Pods Manifest.lock */ = {
			isa = PBXShellScriptBuildPhase;
			buildActionMask = 2147483647;
			files = (
			);
			inputFileListPaths = (
			);
			inputPaths = (
				"${PODS_PODFILE_DIR_PATH}/Podfile.lock",
				"${PODS_ROOT}/Manifest.lock",
			);
			name = "[CP] Check Pods Manifest.lock";
			outputFileListPaths = (
			);
			outputPaths = (
				"$(DERIVED_FILE_DIR)/Pods-CanaryApparel-checkManifestLockResult.txt",
			);
			runOnlyForDeploymentPostprocessing = 0;
			shellPath = /bin/sh;
			shellScript = "diff \"${PODS_PODFILE_DIR_PATH}/Podfile.lock\" \"${PODS_ROOT}/Manifest.lock\" > /dev/null\nif [ $? != 0 ] ; then\n    # print error to STDERR\n    echo \"error: The sandbox is not in sync with the Podfile.lock. Run 'pod install' or update your CocoaPods installation.\" >&2\n    exit 1\nfi\n# This output is used by Xcode 'outputs' to avoid re-running this script phase.\necho \"SUCCESS\" > \"${SCRIPT_OUTPUT_FILE_0}\"\n";
			showEnvVarsInLog = 0;
		};
		3396BDA3C8A0F2BA3D190633 /* [CP] Check Pods Manifest.lock */ = {
			isa = PBXShellScriptBuildPhase;
			buildActionMask = 2147483647;
			files = (
			);
			inputFileListPaths = (
			);
			inputPaths = (
				"${PODS_PODFILE_DIR_PATH}/Podfile.lock",
				"${PODS_ROOT}/Manifest.lock",
			);
			name = "[CP] Check Pods Manifest.lock";
			outputFileListPaths = (
			);
			outputPaths = (
				"$(DERIVED_FILE_DIR)/Pods-CanaryApparelTests-checkManifestLockResult.txt",
			);
			runOnlyForDeploymentPostprocessing = 0;
			shellPath = /bin/sh;
			shellScript = "diff \"${PODS_PODFILE_DIR_PATH}/Podfile.lock\" \"${PODS_ROOT}/Manifest.lock\" > /dev/null\nif [ $? != 0 ] ; then\n    # print error to STDERR\n    echo \"error: The sandbox is not in sync with the Podfile.lock. Run 'pod install' or update your CocoaPods installation.\" >&2\n    exit 1\nfi\n# This output is used by Xcode 'outputs' to avoid re-running this script phase.\necho \"SUCCESS\" > \"${SCRIPT_OUTPUT_FILE_0}\"\n";
			showEnvVarsInLog = 0;
		};
		59C72C05B555B0B5AE5F92CC /* [CP] Embed Pods Frameworks */ = {
			isa = PBXShellScriptBuildPhase;
			buildActionMask = 2147483647;
			files = (
			);
			inputFileListPaths = (
				"${PODS_ROOT}/Target Support Files/Pods-CanaryApparel/Pods-CanaryApparel-frameworks-${CONFIGURATION}-input-files.xcfilelist",
			);
			name = "[CP] Embed Pods Frameworks";
			outputFileListPaths = (
				"${PODS_ROOT}/Target Support Files/Pods-CanaryApparel/Pods-CanaryApparel-frameworks-${CONFIGURATION}-output-files.xcfilelist",
			);
			runOnlyForDeploymentPostprocessing = 0;
			shellPath = /bin/sh;
			shellScript = "\"${PODS_ROOT}/Target Support Files/Pods-CanaryApparel/Pods-CanaryApparel-frameworks.sh\"\n";
			showEnvVarsInLog = 0;
		};
		EFB494D9BBFE65F3EA096E47 /* [CP] Check Pods Manifest.lock */ = {
			isa = PBXShellScriptBuildPhase;
			buildActionMask = 2147483647;
			files = (
			);
			inputFileListPaths = (
			);
			inputPaths = (
				"${PODS_PODFILE_DIR_PATH}/Podfile.lock",
				"${PODS_ROOT}/Manifest.lock",
			);
			name = "[CP] Check Pods Manifest.lock";
			outputFileListPaths = (
			);
			outputPaths = (
				"$(DERIVED_FILE_DIR)/Pods-CanaryApparelUITests-checkManifestLockResult.txt",
			);
			runOnlyForDeploymentPostprocessing = 0;
			shellPath = /bin/sh;
			shellScript = "diff \"${PODS_PODFILE_DIR_PATH}/Podfile.lock\" \"${PODS_ROOT}/Manifest.lock\" > /dev/null\nif [ $? != 0 ] ; then\n    # print error to STDERR\n    echo \"error: The sandbox is not in sync with the Podfile.lock. Run 'pod install' or update your CocoaPods installation.\" >&2\n    exit 1\nfi\n# This output is used by Xcode 'outputs' to avoid re-running this script phase.\necho \"SUCCESS\" > \"${SCRIPT_OUTPUT_FILE_0}\"\n";
			showEnvVarsInLog = 0;
		};
/* End PBXShellScriptBuildPhase section */

/* Begin PBXSourcesBuildPhase section */
		EAA353E423341693004A4D9C /* Sources */ = {
			isa = PBXSourcesBuildPhase;
			buildActionMask = 2147483647;
			files = (
				EA3B719D2336CD380081DB65 /* FavouritesViewController.swift in Sources */,
				EAB29C01236D046100F3BA09 /* Easing.swift in Sources */,
				EAB29BFF236D046100F3BA09 /* Init.swift in Sources */,
				EAA353F023341693004A4D9C /* SearchViewController.swift in Sources */,
				EAB29BF1236D03F400F3BA09 /* FaveIcon.swift in Sources */,
				EAB29C00236D046100F3BA09 /* Constraints+.swift in Sources */,
				EAA353EC23341693004A4D9C /* AppDelegate.swift in Sources */,
				EA83F60A2368E3A4002E20F1 /* DetailViewController.swift in Sources */,
				EAB29BF6236D043400F3BA09 /* Ring.swift in Sources */,
				EAB29C02236D046100F3BA09 /* Geometry.swift in Sources */,
				EAA353EE23341693004A4D9C /* HomeViewController.swift in Sources */,
				EA06B2A923420C3600143A59 /* ProductGalleryViewController.swift in Sources */,
				EA3B71972336CCE60081DB65 /* SignInViewController.swift in Sources */,
				EA3B71992336CCFF0081DB65 /* AccountViewController.swift in Sources */,
				EAB29BF4236D043000F3BA09 /* Spark.swift in Sources */,
				EA3B719B2336CD190081DB65 /* CartViewController.swift in Sources */,
				EAB29BEF236D03F200F3BA09 /* FaveButton.swift in Sources */,
				EA3B71952336CCCA0081DB65 /* SignUpViewController.swift in Sources */,
				EA044251233E340F0041C132 /* Constants.swift in Sources */,
				EA83F60823676D16002E20F1 /* CollectionViewCell.swift in Sources */,
			);
			runOnlyForDeploymentPostprocessing = 0;
		};
		EAA353FA23341695004A4D9C /* Sources */ = {
			isa = PBXSourcesBuildPhase;
			buildActionMask = 2147483647;
			files = (
				EAA3540323341695004A4D9C /* CanaryApparelTests.swift in Sources */,
			);
			runOnlyForDeploymentPostprocessing = 0;
		};
		EAA3540523341695004A4D9C /* Sources */ = {
			isa = PBXSourcesBuildPhase;
			buildActionMask = 2147483647;
			files = (
				EAA3540E23341695004A4D9C /* CanaryApparelUITests.swift in Sources */,
			);
			runOnlyForDeploymentPostprocessing = 0;
		};
/* End PBXSourcesBuildPhase section */

/* Begin PBXTargetDependency section */
		EAA3540023341695004A4D9C /* PBXTargetDependency */ = {
			isa = PBXTargetDependency;
			target = EAA353E723341693004A4D9C /* CanaryApparel */;
			targetProxy = EAA353FF23341695004A4D9C /* PBXContainerItemProxy */;
		};
		EAA3540B23341695004A4D9C /* PBXTargetDependency */ = {
			isa = PBXTargetDependency;
			target = EAA353E723341693004A4D9C /* CanaryApparel */;
			targetProxy = EAA3540A23341695004A4D9C /* PBXContainerItemProxy */;
		};
/* End PBXTargetDependency section */

/* Begin PBXVariantGroup section */
		EAA353F123341693004A4D9C /* Main.storyboard */ = {
			isa = PBXVariantGroup;
			children = (
				EAA353F223341693004A4D9C /* Base */,
			);
			name = Main.storyboard;
			sourceTree = "<group>";
		};
		EAA353F623341695004A4D9C /* LaunchScreen.storyboard */ = {
			isa = PBXVariantGroup;
			children = (
				EAA353F723341695004A4D9C /* Base */,
			);
			name = LaunchScreen.storyboard;
			sourceTree = "<group>";
		};
/* End PBXVariantGroup section */

/* Begin XCBuildConfiguration section */
		EAA3541023341695004A4D9C /* Debug */ = {
			isa = XCBuildConfiguration;
			buildSettings = {
				ALWAYS_SEARCH_USER_PATHS = NO;
				CLANG_ANALYZER_NONNULL = YES;
				CLANG_ANALYZER_NUMBER_OBJECT_CONVERSION = YES_AGGRESSIVE;
				CLANG_CXX_LANGUAGE_STANDARD = "gnu++14";
				CLANG_CXX_LIBRARY = "libc++";
				CLANG_ENABLE_MODULES = YES;
				CLANG_ENABLE_OBJC_ARC = YES;
				CLANG_ENABLE_OBJC_WEAK = YES;
				CLANG_WARN_BLOCK_CAPTURE_AUTORELEASING = YES;
				CLANG_WARN_BOOL_CONVERSION = YES;
				CLANG_WARN_COMMA = YES;
				CLANG_WARN_CONSTANT_CONVERSION = YES;
				CLANG_WARN_DEPRECATED_OBJC_IMPLEMENTATIONS = YES;
				CLANG_WARN_DIRECT_OBJC_ISA_USAGE = YES_ERROR;
				CLANG_WARN_DOCUMENTATION_COMMENTS = YES;
				CLANG_WARN_EMPTY_BODY = YES;
				CLANG_WARN_ENUM_CONVERSION = YES;
				CLANG_WARN_INFINITE_RECURSION = YES;
				CLANG_WARN_INT_CONVERSION = YES;
				CLANG_WARN_NON_LITERAL_NULL_CONVERSION = YES;
				CLANG_WARN_OBJC_IMPLICIT_RETAIN_SELF = YES;
				CLANG_WARN_OBJC_LITERAL_CONVERSION = YES;
				CLANG_WARN_OBJC_ROOT_CLASS = YES_ERROR;
				CLANG_WARN_RANGE_LOOP_ANALYSIS = YES;
				CLANG_WARN_STRICT_PROTOTYPES = YES;
				CLANG_WARN_SUSPICIOUS_MOVE = YES;
				CLANG_WARN_UNGUARDED_AVAILABILITY = YES_AGGRESSIVE;
				CLANG_WARN_UNREACHABLE_CODE = YES;
				CLANG_WARN__DUPLICATE_METHOD_MATCH = YES;
				CODE_SIGN_IDENTITY = "iPhone Developer";
				COPY_PHASE_STRIP = NO;
				DEBUG_INFORMATION_FORMAT = dwarf;
				ENABLE_STRICT_OBJC_MSGSEND = YES;
				ENABLE_TESTABILITY = YES;
				GCC_C_LANGUAGE_STANDARD = gnu11;
				GCC_DYNAMIC_NO_PIC = NO;
				GCC_NO_COMMON_BLOCKS = YES;
				GCC_OPTIMIZATION_LEVEL = 0;
				GCC_PREPROCESSOR_DEFINITIONS = (
					"DEBUG=1",
					"$(inherited)",
				);
				GCC_WARN_64_TO_32_BIT_CONVERSION = YES;
				GCC_WARN_ABOUT_RETURN_TYPE = YES_ERROR;
				GCC_WARN_UNDECLARED_SELECTOR = YES;
				GCC_WARN_UNINITIALIZED_AUTOS = YES_AGGRESSIVE;
				GCC_WARN_UNUSED_FUNCTION = YES;
				GCC_WARN_UNUSED_VARIABLE = YES;
				IPHONEOS_DEPLOYMENT_TARGET = 12.4;
				MTL_ENABLE_DEBUG_INFO = INCLUDE_SOURCE;
				MTL_FAST_MATH = YES;
				ONLY_ACTIVE_ARCH = YES;
				SDKROOT = iphoneos;
				SWIFT_ACTIVE_COMPILATION_CONDITIONS = DEBUG;
				SWIFT_OPTIMIZATION_LEVEL = "-Onone";
			};
			name = Debug;
		};
		EAA3541123341695004A4D9C /* Release */ = {
			isa = XCBuildConfiguration;
			buildSettings = {
				ALWAYS_SEARCH_USER_PATHS = NO;
				CLANG_ANALYZER_NONNULL = YES;
				CLANG_ANALYZER_NUMBER_OBJECT_CONVERSION = YES_AGGRESSIVE;
				CLANG_CXX_LANGUAGE_STANDARD = "gnu++14";
				CLANG_CXX_LIBRARY = "libc++";
				CLANG_ENABLE_MODULES = YES;
				CLANG_ENABLE_OBJC_ARC = YES;
				CLANG_ENABLE_OBJC_WEAK = YES;
				CLANG_WARN_BLOCK_CAPTURE_AUTORELEASING = YES;
				CLANG_WARN_BOOL_CONVERSION = YES;
				CLANG_WARN_COMMA = YES;
				CLANG_WARN_CONSTANT_CONVERSION = YES;
				CLANG_WARN_DEPRECATED_OBJC_IMPLEMENTATIONS = YES;
				CLANG_WARN_DIRECT_OBJC_ISA_USAGE = YES_ERROR;
				CLANG_WARN_DOCUMENTATION_COMMENTS = YES;
				CLANG_WARN_EMPTY_BODY = YES;
				CLANG_WARN_ENUM_CONVERSION = YES;
				CLANG_WARN_INFINITE_RECURSION = YES;
				CLANG_WARN_INT_CONVERSION = YES;
				CLANG_WARN_NON_LITERAL_NULL_CONVERSION = YES;
				CLANG_WARN_OBJC_IMPLICIT_RETAIN_SELF = YES;
				CLANG_WARN_OBJC_LITERAL_CONVERSION = YES;
				CLANG_WARN_OBJC_ROOT_CLASS = YES_ERROR;
				CLANG_WARN_RANGE_LOOP_ANALYSIS = YES;
				CLANG_WARN_STRICT_PROTOTYPES = YES;
				CLANG_WARN_SUSPICIOUS_MOVE = YES;
				CLANG_WARN_UNGUARDED_AVAILABILITY = YES_AGGRESSIVE;
				CLANG_WARN_UNREACHABLE_CODE = YES;
				CLANG_WARN__DUPLICATE_METHOD_MATCH = YES;
				CODE_SIGN_IDENTITY = "iPhone Developer";
				COPY_PHASE_STRIP = NO;
				DEBUG_INFORMATION_FORMAT = "dwarf-with-dsym";
				ENABLE_NS_ASSERTIONS = NO;
				ENABLE_STRICT_OBJC_MSGSEND = YES;
				GCC_C_LANGUAGE_STANDARD = gnu11;
				GCC_NO_COMMON_BLOCKS = YES;
				GCC_WARN_64_TO_32_BIT_CONVERSION = YES;
				GCC_WARN_ABOUT_RETURN_TYPE = YES_ERROR;
				GCC_WARN_UNDECLARED_SELECTOR = YES;
				GCC_WARN_UNINITIALIZED_AUTOS = YES_AGGRESSIVE;
				GCC_WARN_UNUSED_FUNCTION = YES;
				GCC_WARN_UNUSED_VARIABLE = YES;
				IPHONEOS_DEPLOYMENT_TARGET = 12.4;
				MTL_ENABLE_DEBUG_INFO = NO;
				MTL_FAST_MATH = YES;
				SDKROOT = iphoneos;
				SWIFT_COMPILATION_MODE = wholemodule;
				SWIFT_OPTIMIZATION_LEVEL = "-O";
				VALIDATE_PRODUCT = YES;
			};
			name = Release;
		};
		EAA3541323341695004A4D9C /* Debug */ = {
			isa = XCBuildConfiguration;
			baseConfigurationReference = 4AD3B56F622630458FED659B /* Pods-CanaryApparel.debug.xcconfig */;
			buildSettings = {
				ASSETCATALOG_COMPILER_APPICON_NAME = AppIcon;
				CODE_SIGN_STYLE = Automatic;
				DEVELOPMENT_TEAM = MWTLRAB43B;
				INFOPLIST_FILE = CanaryApparel/Info.plist;
				LD_RUNPATH_SEARCH_PATHS = (
					"$(inherited)",
					"@executable_path/Frameworks",
				);
				PRODUCT_BUNDLE_IDENTIFIER = com.canary.CanaryApparel;
				PRODUCT_NAME = "$(TARGET_NAME)";
				SWIFT_VERSION = 5.0;
				TARGETED_DEVICE_FAMILY = "1,2";
			};
			name = Debug;
		};
		EAA3541423341695004A4D9C /* Release */ = {
			isa = XCBuildConfiguration;
			baseConfigurationReference = EE6A86B4B5585194259A3AED /* Pods-CanaryApparel.release.xcconfig */;
			buildSettings = {
				ASSETCATALOG_COMPILER_APPICON_NAME = AppIcon;
				CODE_SIGN_STYLE = Automatic;
				DEVELOPMENT_TEAM = MWTLRAB43B;
				INFOPLIST_FILE = CanaryApparel/Info.plist;
				LD_RUNPATH_SEARCH_PATHS = (
					"$(inherited)",
					"@executable_path/Frameworks",
				);
				PRODUCT_BUNDLE_IDENTIFIER = com.canary.CanaryApparel;
				PRODUCT_NAME = "$(TARGET_NAME)";
				SWIFT_VERSION = 5.0;
				TARGETED_DEVICE_FAMILY = "1,2";
			};
			name = Release;
		};
		EAA3541623341695004A4D9C /* Debug */ = {
			isa = XCBuildConfiguration;
			baseConfigurationReference = 5BD93E6B2D864A5D676F090C /* Pods-CanaryApparelTests.debug.xcconfig */;
			buildSettings = {
				ALWAYS_EMBED_SWIFT_STANDARD_LIBRARIES = YES;
				BUNDLE_LOADER = "$(TEST_HOST)";
				CODE_SIGN_STYLE = Automatic;
				INFOPLIST_FILE = CanaryApparelTests/Info.plist;
				LD_RUNPATH_SEARCH_PATHS = (
					"$(inherited)",
					"@executable_path/Frameworks",
					"@loader_path/Frameworks",
				);
				PRODUCT_BUNDLE_IDENTIFIER = canary.CanaryApparelTests;
				PRODUCT_NAME = "$(TARGET_NAME)";
				SWIFT_VERSION = 5.0;
				TARGETED_DEVICE_FAMILY = "1,2";
				TEST_HOST = "$(BUILT_PRODUCTS_DIR)/CanaryApparel.app/CanaryApparel";
			};
			name = Debug;
		};
		EAA3541723341695004A4D9C /* Release */ = {
			isa = XCBuildConfiguration;
			baseConfigurationReference = 006F4F82E9E0259A90F6F565 /* Pods-CanaryApparelTests.release.xcconfig */;
			buildSettings = {
				ALWAYS_EMBED_SWIFT_STANDARD_LIBRARIES = YES;
				BUNDLE_LOADER = "$(TEST_HOST)";
				CODE_SIGN_STYLE = Automatic;
				INFOPLIST_FILE = CanaryApparelTests/Info.plist;
				LD_RUNPATH_SEARCH_PATHS = (
					"$(inherited)",
					"@executable_path/Frameworks",
					"@loader_path/Frameworks",
				);
				PRODUCT_BUNDLE_IDENTIFIER = canary.CanaryApparelTests;
				PRODUCT_NAME = "$(TARGET_NAME)";
				SWIFT_VERSION = 5.0;
				TARGETED_DEVICE_FAMILY = "1,2";
				TEST_HOST = "$(BUILT_PRODUCTS_DIR)/CanaryApparel.app/CanaryApparel";
			};
			name = Release;
		};
		EAA3541923341695004A4D9C /* Debug */ = {
			isa = XCBuildConfiguration;
			baseConfigurationReference = 1B9596538CF7012FB93FE33D /* Pods-CanaryApparelUITests.debug.xcconfig */;
			buildSettings = {
				ALWAYS_EMBED_SWIFT_STANDARD_LIBRARIES = YES;
				CODE_SIGN_STYLE = Automatic;
				INFOPLIST_FILE = CanaryApparelUITests/Info.plist;
				LD_RUNPATH_SEARCH_PATHS = (
					"$(inherited)",
					"@executable_path/Frameworks",
					"@loader_path/Frameworks",
				);
				PRODUCT_BUNDLE_IDENTIFIER = canary.CanaryApparelUITests;
				PRODUCT_NAME = "$(TARGET_NAME)";
				SWIFT_VERSION = 5.0;
				TARGETED_DEVICE_FAMILY = "1,2";
				TEST_TARGET_NAME = CanaryApparel;
			};
			name = Debug;
		};
		EAA3541A23341695004A4D9C /* Release */ = {
			isa = XCBuildConfiguration;
			baseConfigurationReference = F9E3CD5A2F1DD232C765E052 /* Pods-CanaryApparelUITests.release.xcconfig */;
			buildSettings = {
				ALWAYS_EMBED_SWIFT_STANDARD_LIBRARIES = YES;
				CODE_SIGN_STYLE = Automatic;
				INFOPLIST_FILE = CanaryApparelUITests/Info.plist;
				LD_RUNPATH_SEARCH_PATHS = (
					"$(inherited)",
					"@executable_path/Frameworks",
					"@loader_path/Frameworks",
				);
				PRODUCT_BUNDLE_IDENTIFIER = canary.CanaryApparelUITests;
				PRODUCT_NAME = "$(TARGET_NAME)";
				SWIFT_VERSION = 5.0;
				TARGETED_DEVICE_FAMILY = "1,2";
				TEST_TARGET_NAME = CanaryApparel;
			};
			name = Release;
		};
/* End XCBuildConfiguration section */

/* Begin XCConfigurationList section */
		EAA353E323341692004A4D9C /* Build configuration list for PBXProject "CanaryApparel" */ = {
			isa = XCConfigurationList;
			buildConfigurations = (
				EAA3541023341695004A4D9C /* Debug */,
				EAA3541123341695004A4D9C /* Release */,
			);
			defaultConfigurationIsVisible = 0;
			defaultConfigurationName = Release;
		};
		EAA3541223341695004A4D9C /* Build configuration list for PBXNativeTarget "CanaryApparel" */ = {
			isa = XCConfigurationList;
			buildConfigurations = (
				EAA3541323341695004A4D9C /* Debug */,
				EAA3541423341695004A4D9C /* Release */,
			);
			defaultConfigurationIsVisible = 0;
			defaultConfigurationName = Release;
		};
		EAA3541523341695004A4D9C /* Build configuration list for PBXNativeTarget "CanaryApparelTests" */ = {
			isa = XCConfigurationList;
			buildConfigurations = (
				EAA3541623341695004A4D9C /* Debug */,
				EAA3541723341695004A4D9C /* Release */,
			);
			defaultConfigurationIsVisible = 0;
			defaultConfigurationName = Release;
		};
		EAA3541823341695004A4D9C /* Build configuration list for PBXNativeTarget "CanaryApparelUITests" */ = {
			isa = XCConfigurationList;
			buildConfigurations = (
				EAA3541923341695004A4D9C /* Debug */,
				EAA3541A23341695004A4D9C /* Release */,
			);
			defaultConfigurationIsVisible = 0;
			defaultConfigurationName = Release;
		};
/* End XCConfigurationList section */
	};
	rootObject = EAA353E023341692004A4D9C /* Project object */;
}
